
Microsoft Visual Studio Solution File, Format Version 12.00
# Visual Studio Version 17
VisualStudioVersion = 17.14.36915.13
MinimumVisualStudioVersion = 10.0.40219.1
Project("{FAE04EC0-301F-11D3-BF4B-00C04F79EFBC}") = "Spectrum Viewer", "Spectrum Viewer\Spectrum Viewer.csproj", "{E585F586-F877-474C-877F-73BD75D13F86}"
EndProject
Project("{FAE04EC0-301F-11D3-BF4B-00C04F79EFBC}") = "CSV Loader", "CSV Loader\CSV Loader.csproj", "{A1B2C3D4-E5F6-4A5B-8C9D-1E2F3A4B5C6D}"
EndProject
Project("{FAE04EC0-301F-11D3-BF4B-00C04F79EFBC}") = "Peak Frequency Finder", "Peak Frequency Finder\Peak Frequency Finder.csproj", "{282A52CF-22A1-4338-B420-B71E95166201}"
EndProject
Project("{2150E333-8FDC-42A3-9474-1A3956D46DE8}") = "Test", "Test", "{02EA681E-C7D8-13C7-8484-4AC65E1B71E8}"
EndProject
Project("{FAE04EC0-301F-11D3-BF4B-00C04F79EFBC}") = "Try MathNET Using MKL", "Test\MKL\Try MathNET Using MKL\Try MathNET Using MKL.csproj", "{44A67963-842F-4200-B2A1-1C9DFF6AD58A}"
EndProject
Project("{FAE04EC0-301F-11D3-BF4B-00C04F79EFBC}") = "Frequency Finder Class", "Frequency Finder Lib\Frequency Finder Class.csproj", "{3A126B4C-8740-4BC4-A773-23DDE2CEF11C}"
EndProject
Project("{FAE04EC0-301F-11D3-BF4B-00C04F79EFBC}") = "EasyFilterClass", "Easy Filter Lib\EasyFilterClass.csproj", "{2E2DB3E5-C6C8-4A1A-9AFB-55757CB92186}"
EndProject
Project("{2150E333-8FDC-42A3-9474-1A3956D46DE8}") = "Library", "Library", "{979686A4-B4EB-40D4-A32F-8B39D9A7AB0D}"
EndProject
Global
	GlobalSection(SolutionConfigurationPlatforms) = preSolution
		Debug|Any CPU = Debug|Any CPU
		Release|Any CPU = Release|Any CPU
	EndGlobalSection
	GlobalSection(ProjectConfigurationPlatforms) = postSolution
		{E585F586-F877-474C-877F-73BD75D13F86}.Debug|Any CPU.ActiveCfg = Debug|Any CPU
		{E585F586-F877-474C-877F-73BD75D13F86}.Debug|Any CPU.Build.0 = Debug|Any CPU
		{E585F586-F877-474C-877F-73BD75D13F86}.Release|Any CPU.ActiveCfg = Release|Any CPU
		{E585F586-F877-474C-877F-73BD75D13F86}.Release|Any CPU.Build.0 = Release|Any CPU
		{A1B2C3D4-E5F6-4A5B-8C9D-1E2F3A4B5C6D}.Debug|Any CPU.ActiveCfg = Debug|Any CPU
		{A1B2C3D4-E5F6-4A5B-8C9D-1E2F3A4B5C6D}.Debug|Any CPU.Build.0 = Debug|Any CPU
		{A1B2C3D4-E5F6-4A5B-8C9D-1E2F3A4B5C6D}.Release|Any CPU.ActiveCfg = Release|Any CPU
		{A1B2C3D4-E5F6-4A5B-8C9D-1E2F3A4B5C6D}.Release|Any CPU.Build.0 = Release|Any CPU
		{282A52CF-22A1-4338-B420-B71E95166201}.Debug|Any CPU.ActiveCfg = Debug|Any CPU
		{282A52CF-22A1-4338-B420-B71E95166201}.Debug|Any CPU.Build.0 = Debug|Any CPU
		{282A52CF-22A1-4338-B420-B71E95166201}.Release|Any CPU.ActiveCfg = Release|Any CPU
		{282A52CF-22A1-4338-B420-B71E95166201}.Release|Any CPU.Build.0 = Release|Any CPU
		{44A67963-842F-4200-B2A1-1C9DFF6AD58A}.Debug|Any CPU.ActiveCfg = Debug|Any CPU
		{44A67963-842F-4200-B2A1-1C9DFF6AD58A}.Debug|Any CPU.Build.0 = Debug|Any CPU
		{44A67963-842F-4200-B2A1-1C9DFF6AD58A}.Release|Any CPU.ActiveCfg = Release|Any CPU
		{44A67963-842F-4200-B2A1-1C9DFF6AD58A}.Release|Any CPU.Build.0 = Release|Any CPU
		{3A126B4C-8740-4BC4-A773-23DDE2CEF11C}.Debug|Any CPU.ActiveCfg = Debug|Any CPU
		{3A126B4C-8740-4BC4-A773-23DDE2CEF11C}.Debug|Any CPU.Build.0 = Debug|Any CPU
		{3A126B4C-8740-4BC4-A773-23DDE2CEF11C}.Release|Any CPU.ActiveCfg = Release|Any CPU
		{3A126B4C-8740-4BC4-A773-23DDE2CEF11C}.Release|Any CPU.Build.0 = Release|Any CPU
		{2E2DB3E5-C6C8-4A1A-9AFB-55757CB92186}.Debug|Any CPU.ActiveCfg = Debug|Any CPU
		{2E2DB3E5-C6C8-4A1A-9AFB-55757CB92186}.Debug|Any CPU.Build.0 = Debug|Any CPU
		{2E2DB3E5-C6C8-4A1A-9AFB-55757CB92186}.Release|Any CPU.ActiveCfg = Release|Any CPU
		{2E2DB3E5-C6C8-4A1A-9AFB-55757CB92186}.Release|Any CPU.Build.0 = Release|Any CPU
	EndGlobalSection
	GlobalSection(SolutionProperties) = preSolution
		HideSolutionNode = FALSE
	EndGlobalSection
	GlobalSection(NestedProjects) = preSolution
		{44A67963-842F-4200-B2A1-1C9DFF6AD58A} = {02EA681E-C7D8-13C7-8484-4AC65E1B71E8}
		{3A126B4C-8740-4BC4-A773-23DDE2CEF11C} = {979686A4-B4EB-40D4-A32F-8B39D9A7AB0D}
		{2E2DB3E5-C6C8-4A1A-9AFB-55757CB92186} = {979686A4-B4EB-40D4-A32F-8B39D9A7AB0D}
	EndGlobalSection
	GlobalSection(ExtensibilityGlobals) = postSolution
		SolutionGuid = {6470CD64-249F-4879-90D0-4D0DAACFA24C}
	EndGlobalSection
EndGlobal
